
Microsoft Visual Studio Solution File, Format Version 12.00
# Visual Studio Version 16
VisualStudioVersion = 16.0.29519.87
MinimumVisualStudioVersion = 10.0.40219.1
Project("{FAE04EC0-301F-11D3-BF4B-00C04F79EFBC}") = "ZeroTOne", "ZeroTOne\ZeroTOne.csproj", "{A8EAC66E-CC1E-47B1-871C-4E684EE9B4FF}"
EndProject
Global
	GlobalSection(SolutionConfigurationPlatforms) = preSolution
		Debug|Any CPU = Debug|Any CPU
		Release|Any CPU = Release|Any CPU
	EndGlobalSection
	GlobalSection(ProjectConfigurationPlatforms) = postSolution
		{A8EAC66E-CC1E-47B1-871C-4E684EE9B4FF}.Debug|Any CPU.ActiveCfg = Debug|Any CPU
		{A8EAC66E-CC1E-47B1-871C-4E684EE9B4FF}.Debug|Any CPU.Build.0 = Debug|Any CPU
		{A8EAC66E-CC1E-47B1-871C-4E684EE9B4FF}.Release|Any CPU.ActiveCfg = Release|Any CPU
		{A8EAC66E-CC1E-47B1-871C-4E684EE9B4FF}.Release|Any CPU.Build.0 = Release|Any CPU
	EndGlobalSection
	GlobalSection(SolutionProperties) = preSolution
		HideSolutionNode = FALSE
	EndGlobalSection
	GlobalSection(ExtensibilityGlobals) = postSolution
		SolutionGuid = {4A0D8428-D25E-445A-8B10-71BA0DD4E551}
	EndGlobalSection
EndGlobal
